// !$*UTF8*$!
{
	archiveVersion = 1;
	classes = {
	};
	objectVersion = 56;
	objects = {

/* Begin PBXBuildFile section */
		71D8EDF62C78DC5900D26968 /* AnimalCardsApp.swift in Sources */ = {isa = PBXBuildFile; fileRef = 71D8EDF52C78DC5900D26968 /* AnimalCardsApp.swift */; };
		71D8EDF82C78DC5900D26968 /* ContentView.swift in Sources */ = {isa = PBXBuildFile; fileRef = 71D8EDF72C78DC5900D26968 /* ContentView.swift */; };
		71D8EDFA2C78DC5B00D26968 /* Assets.xcassets in Resources */ = {isa = PBXBuildFile; fileRef = 71D8EDF92C78DC5B00D26968 /* Assets.xcassets */; };
		71D8EDFD2C78DC5B00D26968 /* Preview Assets.xcassets in Resources */ = {isa = PBXBuildFile; fileRef = 71D8EDFC2C78DC5B00D26968 /* Preview Assets.xcassets */; };
		71D8EE072C78DC5B00D26968 /* AnimalCardsTests.swift in Sources */ = {isa = PBXBuildFile; fileRef = 71D8EE062C78DC5B00D26968 /* AnimalCardsTests.swift */; };
		71D8EE112C78DC5B00D26968 /* AnimalCardsUITests.swift in Sources */ = {isa = PBXBuildFile; fileRef = 71D8EE102C78DC5B00D26968 /* AnimalCardsUITests.swift */; };
		71D8EE132C78DC5B00D26968 /* AnimalCardsUITestsLaunchTests.swift in Sources */ = {isa = PBXBuildFile; fileRef = 71D8EE122C78DC5B00D26968 /* AnimalCardsUITestsLaunchTests.swift */; };
		71D8EE212C793F3700D26968 /* Localizable.strings in Resources */ = {isa = PBXBuildFile; fileRef = 71D8EE1F2C793F3700D26968 /* Localizable.strings */; };
		71D8EE282C79470300D26968 /* animals_model.swift in Sources */ = {isa = PBXBuildFile; fileRef = 71D8EE272C79470300D26968 /* animals_model.swift */; };
		71D8EE2A2C79483C00D26968 /* animalView_model.swift in Sources */ = {isa = PBXBuildFile; fileRef = 71D8EE292C79483C00D26968 /* animalView_model.swift */; };
		71D8EE2F2C7A4B2700D26968 /* cow_en.wav in Resources */ = {isa = PBXBuildFile; fileRef = 71D8EE2C2C7A4B2700D26968 /* cow_en.wav */; };
		71D8EE302C7A4B2700D26968 /* dog_en.wav in Resources */ = {isa = PBXBuildFile; fileRef = 71D8EE2D2C7A4B2700D26968 /* dog_en.wav */; };
		71D8EE312C7A4B2700D26968 /* cat_en.wav in Resources */ = {isa = PBXBuildFile; fileRef = 71D8EE2E2C7A4B2700D26968 /* cat_en.wav */; };
		71D8EE332C7A514600D26968 /* AnimalCardView.swift in Sources */ = {isa = PBXBuildFile; fileRef = 71D8EE322C7A514600D26968 /* AnimalCardView.swift */; };
		71D8EE3C2C7A67BA00D26968 /* elephant_mon.wav in Resources */ = {isa = PBXBuildFile; fileRef = 71D8EE362C7A67BA00D26968 /* elephant_mon.wav */; };
		71D8EE3D2C7A67BA00D26968 /* elephant_my.wav in Resources */ = {isa = PBXBuildFile; fileRef = 71D8EE372C7A67BA00D26968 /* elephant_my.wav */; };
		71D8EE3E2C7A67BA00D26968 /* cat_mon.wav in Resources */ = {isa = PBXBuildFile; fileRef = 71D8EE382C7A67BA00D26968 /* cat_mon.wav */; };
		71D8EE3F2C7A67BA00D26968 /* dog_mon.wav in Resources */ = {isa = PBXBuildFile; fileRef = 71D8EE392C7A67BA00D26968 /* dog_mon.wav */; };
		71D8EE402C7A67BA00D26968 /* cat_my.wav in Resources */ = {isa = PBXBuildFile; fileRef = 71D8EE3A2C7A67BA00D26968 /* cat_my.wav */; };
		71D8EE412C7A67BA00D26968 /* dog_my.wav in Resources */ = {isa = PBXBuildFile; fileRef = 71D8EE3B2C7A67BA00D26968 /* dog_my.wav */; };
/* End PBXBuildFile section */

/* Begin PBXContainerItemProxy section */
		71D8EE032C78DC5B00D26968 /* PBXContainerItemProxy */ = {
			isa = PBXContainerItemProxy;
			containerPortal = 71D8EDEA2C78DC5900D26968 /* Project object */;
			proxyType = 1;
			remoteGlobalIDString = 71D8EDF12C78DC5900D26968;
			remoteInfo = AnimalCards;
		};
		71D8EE0D2C78DC5B00D26968 /* PBXContainerItemProxy */ = {
			isa = PBXContainerItemProxy;
			containerPortal = 71D8EDEA2C78DC5900D26968 /* Project object */;
			proxyType = 1;
			remoteGlobalIDString = 71D8EDF12C78DC5900D26968;
			remoteInfo = AnimalCards;
		};
/* End PBXContainerItemProxy section */

/* Begin PBXFileReference section */
		71D8EDF22C78DC5900D26968 /* AnimalCards.app */ = {isa = PBXFileReference; explicitFileType = wrapper.application; includeInIndex = 0; path = AnimalCards.app; sourceTree = BUILT_PRODUCTS_DIR; };
		71D8EDF52C78DC5900D26968 /* AnimalCardsApp.swift */ = {isa = PBXFileReference; lastKnownFileType = sourcecode.swift; path = AnimalCardsApp.swift; sourceTree = "<group>"; };
		71D8EDF72C78DC5900D26968 /* ContentView.swift */ = {isa = PBXFileReference; lastKnownFileType = sourcecode.swift; path = ContentView.swift; sourceTree = "<group>"; };
		71D8EDF92C78DC5B00D26968 /* Assets.xcassets */ = {isa = PBXFileReference; lastKnownFileType = folder.assetcatalog; path = Assets.xcassets; sourceTree = "<group>"; };
		71D8EDFC2C78DC5B00D26968 /* Preview Assets.xcassets */ = {isa = PBXFileReference; lastKnownFileType = folder.assetcatalog; path = "Preview Assets.xcassets"; sourceTree = "<group>"; };
		71D8EE022C78DC5B00D26968 /* AnimalCardsTests.xctest */ = {isa = PBXFileReference; explicitFileType = wrapper.cfbundle; includeInIndex = 0; path = AnimalCardsTests.xctest; sourceTree = BUILT_PRODUCTS_DIR; };
		71D8EE062C78DC5B00D26968 /* AnimalCardsTests.swift */ = {isa = PBXFileReference; lastKnownFileType = sourcecode.swift; path = AnimalCardsTests.swift; sourceTree = "<group>"; };
		71D8EE0C2C78DC5B00D26968 /* AnimalCardsUITests.xctest */ = {isa = PBXFileReference; explicitFileType = wrapper.cfbundle; includeInIndex = 0; path = AnimalCardsUITests.xctest; sourceTree = BUILT_PRODUCTS_DIR; };
		71D8EE102C78DC5B00D26968 /* AnimalCardsUITests.swift */ = {isa = PBXFileReference; lastKnownFileType = sourcecode.swift; path = AnimalCardsUITests.swift; sourceTree = "<group>"; };
		71D8EE122C78DC5B00D26968 /* AnimalCardsUITestsLaunchTests.swift */ = {isa = PBXFileReference; lastKnownFileType = sourcecode.swift; path = AnimalCardsUITestsLaunchTests.swift; sourceTree = "<group>"; };
		71D8EE202C793F3700D26968 /* en */ = {isa = PBXFileReference; lastKnownFileType = text.plist.strings; name = en; path = en.lproj/Localizable.strings; sourceTree = "<group>"; };
		71D8EE242C79462B00D26968 /* ja */ = {isa = PBXFileReference; lastKnownFileType = text.plist.strings; name = ja; path = ja.lproj/Localizable.strings; sourceTree = "<group>"; };
		71D8EE252C79462C00D26968 /* th */ = {isa = PBXFileReference; fileEncoding = 4; lastKnownFileType = text.plist.strings; name = th; path = th.lproj/Localizable.strings; sourceTree = "<group>"; };
		71D8EE272C79470300D26968 /* animals_model.swift */ = {isa = PBXFileReference; lastKnownFileType = sourcecode.swift; path = animals_model.swift; sourceTree = "<group>"; };
		71D8EE292C79483C00D26968 /* animalView_model.swift */ = {isa = PBXFileReference; lastKnownFileType = sourcecode.swift; path = animalView_model.swift; sourceTree = "<group>"; };
		71D8EE2C2C7A4B2700D26968 /* cow_en.wav */ = {isa = PBXFileReference; lastKnownFileType = audio.wav; path = cow_en.wav; sourceTree = "<group>"; };
		71D8EE2D2C7A4B2700D26968 /* dog_en.wav */ = {isa = PBXFileReference; lastKnownFileType = audio.wav; path = dog_en.wav; sourceTree = "<group>"; };
		71D8EE2E2C7A4B2700D26968 /* cat_en.wav */ = {isa = PBXFileReference; lastKnownFileType = audio.wav; path = cat_en.wav; sourceTree = "<group>"; };
		71D8EE322C7A514600D26968 /* AnimalCardView.swift */ = {isa = PBXFileReference; lastKnownFileType = sourcecode.swift; path = AnimalCardView.swift; sourceTree = "<group>"; };
		71D8EE342C7A590700D26968 /* my */ = {isa = PBXFileReference; lastKnownFileType = text.plist.strings; name = my; path = my.lproj/Localizable.strings; sourceTree = "<group>"; };
		71D8EE352C7A5D9600D26968 /* my-MM */ = {isa = PBXFileReference; lastKnownFileType = text.plist.strings; name = "my-MM"; path = "my-MM.lproj/Localizable.strings"; sourceTree = "<group>"; };
		71D8EE362C7A67BA00D26968 /* elephant_mon.wav */ = {isa = PBXFileReference; lastKnownFileType = audio.wav; path = elephant_mon.wav; sourceTree = "<group>"; };
		71D8EE372C7A67BA00D26968 /* elephant_my.wav */ = {isa = PBXFileReference; lastKnownFileType = audio.wav; path = elephant_my.wav; sourceTree = "<group>"; };
		71D8EE382C7A67BA00D26968 /* cat_mon.wav */ = {isa = PBXFileReference; lastKnownFileType = audio.wav; path = cat_mon.wav; sourceTree = "<group>"; };
		71D8EE392C7A67BA00D26968 /* dog_mon.wav */ = {isa = PBXFileReference; lastKnownFileType = audio.wav; path = dog_mon.wav; sourceTree = "<group>"; };
		71D8EE3A2C7A67BA00D26968 /* cat_my.wav */ = {isa = PBXFileReference; lastKnownFileType = audio.wav; path = cat_my.wav; sourceTree = "<group>"; };
		71D8EE3B2C7A67BA00D26968 /* dog_my.wav */ = {isa = PBXFileReference; lastKnownFileType = audio.wav; path = dog_my.wav; sourceTree = "<group>"; };
/* End PBXFileReference section */

/* Begin PBXFrameworksBuildPhase section */
		71D8EDEF2C78DC5900D26968 /* Frameworks */ = {
			isa = PBXFrameworksBuildPhase;
			buildActionMask = 2147483647;
			files = (
			);
			runOnlyForDeploymentPostprocessing = 0;
		};
		71D8EDFF2C78DC5B00D26968 /* Frameworks */ = {
			isa = PBXFrameworksBuildPhase;
			buildActionMask = 2147483647;
			files = (
			);
			runOnlyForDeploymentPostprocessing = 0;
		};
		71D8EE092C78DC5B00D26968 /* Frameworks */ = {
			isa = PBXFrameworksBuildPhase;
			buildActionMask = 2147483647;
			files = (
			);
			runOnlyForDeploymentPostprocessing = 0;
		};
/* End PBXFrameworksBuildPhase section */

/* Begin PBXGroup section */
		71D8EDE92C78DC5900D26968 = {
			isa = PBXGroup;
			children = (
				71D8EE2B2C7A4AFE00D26968 /* AnimalSound */,
				71D8EE1F2C793F3700D26968 /* Localizable.strings */,
				71D8EDF42C78DC5900D26968 /* AnimalCards */,
				71D8EE052C78DC5B00D26968 /* AnimalCardsTests */,
				71D8EE0F2C78DC5B00D26968 /* AnimalCardsUITests */,
				71D8EDF32C78DC5900D26968 /* Products */,
			);
			sourceTree = "<group>";
		};
		71D8EDF32C78DC5900D26968 /* Products */ = {
			isa = PBXGroup;
			children = (
				71D8EDF22C78DC5900D26968 /* AnimalCards.app */,
				71D8EE022C78DC5B00D26968 /* AnimalCardsTests.xctest */,
				71D8EE0C2C78DC5B00D26968 /* AnimalCardsUITests.xctest */,
			);
			name = Products;
			sourceTree = "<group>";
		};
		71D8EDF42C78DC5900D26968 /* AnimalCards */ = {
			isa = PBXGroup;
			children = (
				71D8EE262C7946DA00D26968 /* Model */,
				71D8EDF52C78DC5900D26968 /* AnimalCardsApp.swift */,
				71D8EDF72C78DC5900D26968 /* ContentView.swift */,
				71D8EE322C7A514600D26968 /* AnimalCardView.swift */,
				71D8EDF92C78DC5B00D26968 /* Assets.xcassets */,
				71D8EDFB2C78DC5B00D26968 /* Preview Content */,
			);
			path = AnimalCards;
			sourceTree = "<group>";
		};
		71D8EDFB2C78DC5B00D26968 /* Preview Content */ = {
			isa = PBXGroup;
			children = (
				71D8EDFC2C78DC5B00D26968 /* Preview Assets.xcassets */,
			);
			path = "Preview Content";
			sourceTree = "<group>";
		};
		71D8EE052C78DC5B00D26968 /* AnimalCardsTests */ = {
			isa = PBXGroup;
			children = (
				71D8EE062C78DC5B00D26968 /* AnimalCardsTests.swift */,
			);
			path = AnimalCardsTests;
			sourceTree = "<group>";
		};
		71D8EE0F2C78DC5B00D26968 /* AnimalCardsUITests */ = {
			isa = PBXGroup;
			children = (
				71D8EE102C78DC5B00D26968 /* AnimalCardsUITests.swift */,
				71D8EE122C78DC5B00D26968 /* AnimalCardsUITestsLaunchTests.swift */,
			);
			path = AnimalCardsUITests;
			sourceTree = "<group>";
		};
		71D8EE262C7946DA00D26968 /* Model */ = {
			isa = PBXGroup;
			children = (
				71D8EE272C79470300D26968 /* animals_model.swift */,
				71D8EE292C79483C00D26968 /* animalView_model.swift */,
			);
			path = Model;
			sourceTree = "<group>";
		};
		71D8EE2B2C7A4AFE00D26968 /* AnimalSound */ = {
			isa = PBXGroup;
			children = (
				71D8EE382C7A67BA00D26968 /* cat_mon.wav */,
				71D8EE3A2C7A67BA00D26968 /* cat_my.wav */,
				71D8EE392C7A67BA00D26968 /* dog_mon.wav */,
				71D8EE3B2C7A67BA00D26968 /* dog_my.wav */,
				71D8EE362C7A67BA00D26968 /* elephant_mon.wav */,
				71D8EE372C7A67BA00D26968 /* elephant_my.wav */,
				71D8EE2E2C7A4B2700D26968 /* cat_en.wav */,
				71D8EE2C2C7A4B2700D26968 /* cow_en.wav */,
				71D8EE2D2C7A4B2700D26968 /* dog_en.wav */,
			);
			path = AnimalSound;
			sourceTree = "<group>";
		};
/* End PBXGroup section */

/* Begin PBXNativeTarget section */
		71D8EDF12C78DC5900D26968 /* AnimalCards */ = {
			isa = PBXNativeTarget;
			buildConfigurationList = 71D8EE162C78DC5B00D26968 /* Build configuration list for PBXNativeTarget "AnimalCards" */;
			buildPhases = (
				71D8EDEE2C78DC5900D26968 /* Sources */,
				71D8EDEF2C78DC5900D26968 /* Frameworks */,
				71D8EDF02C78DC5900D26968 /* Resources */,
			);
			buildRules = (
			);
			dependencies = (
			);
			name = AnimalCards;
			productName = AnimalCards;
			productReference = 71D8EDF22C78DC5900D26968 /* AnimalCards.app */;
			productType = "com.apple.product-type.application";
		};
		71D8EE012C78DC5B00D26968 /* AnimalCardsTests */ = {
			isa = PBXNativeTarget;
			buildConfigurationList = 71D8EE192C78DC5B00D26968 /* Build configuration list for PBXNativeTarget "AnimalCardsTests" */;
			buildPhases = (
				71D8EDFE2C78DC5B00D26968 /* Sources */,
				71D8EDFF2C78DC5B00D26968 /* Frameworks */,
				71D8EE002C78DC5B00D26968 /* Resources */,
			);
			buildRules = (
			);
			dependencies = (
				71D8EE042C78DC5B00D26968 /* PBXTargetDependency */,
			);
			name = AnimalCardsTests;
			productName = AnimalCardsTests;
			productReference = 71D8EE022C78DC5B00D26968 /* AnimalCardsTests.xctest */;
			productType = "com.apple.product-type.bundle.unit-test";
		};
		71D8EE0B2C78DC5B00D26968 /* AnimalCardsUITests */ = {
			isa = PBXNativeTarget;
			buildConfigurationList = 71D8EE1C2C78DC5B00D26968 /* Build configuration list for PBXNativeTarget "AnimalCardsUITests" */;
			buildPhases = (
				71D8EE082C78DC5B00D26968 /* Sources */,
				71D8EE092C78DC5B00D26968 /* Frameworks */,
				71D8EE0A2C78DC5B00D26968 /* Resources */,
			);
			buildRules = (
			);
			dependencies = (
				71D8EE0E2C78DC5B00D26968 /* PBXTargetDependency */,
			);
			name = AnimalCardsUITests;
			productName = AnimalCardsUITests;
			productReference = 71D8EE0C2C78DC5B00D26968 /* AnimalCardsUITests.xctest */;
			productType = "com.apple.product-type.bundle.ui-testing";
		};
/* End PBXNativeTarget section */

/* Begin PBXProject section */
		71D8EDEA2C78DC5900D26968 /* Project object */ = {
			isa = PBXProject;
			attributes = {
				BuildIndependentTargetsInParallel = 1;
				LastSwiftUpdateCheck = 1540;
				LastUpgradeCheck = 1540;
				TargetAttributes = {
					71D8EDF12C78DC5900D26968 = {
						CreatedOnToolsVersion = 15.4;
					};
					71D8EE012C78DC5B00D26968 = {
						CreatedOnToolsVersion = 15.4;
						TestTargetID = 71D8EDF12C78DC5900D26968;
					};
					71D8EE0B2C78DC5B00D26968 = {
						CreatedOnToolsVersion = 15.4;
						TestTargetID = 71D8EDF12C78DC5900D26968;
					};
				};
			};
			buildConfigurationList = 71D8EDED2C78DC5900D26968 /* Build configuration list for PBXProject "AnimalCards" */;
			compatibilityVersion = "Xcode 14.0";
			developmentRegion = en;
			hasScannedForEncodings = 0;
			knownRegions = (
				en,
				Base,
				th,
				ja,
				my,
				"my-MM",
			);
			mainGroup = 71D8EDE92C78DC5900D26968;
			productRefGroup = 71D8EDF32C78DC5900D26968 /* Products */;
			projectDirPath = "";
			projectRoot = "";
			targets = (
				71D8EDF12C78DC5900D26968 /* AnimalCards */,
				71D8EE012C78DC5B00D26968 /* AnimalCardsTests */,
				71D8EE0B2C78DC5B00D26968 /* AnimalCardsUITests */,
			);
		};
/* End PBXProject section */

/* Begin PBXResourcesBuildPhase section */
		71D8EDF02C78DC5900D26968 /* Resources */ = {
			isa = PBXResourcesBuildPhase;
			buildActionMask = 2147483647;
			files = (
				71D8EE302C7A4B2700D26968 /* dog_en.wav in Resources */,
				71D8EDFD2C78DC5B00D26968 /* Preview Assets.xcassets in Resources */,
				71D8EE3F2C7A67BA00D26968 /* dog_mon.wav in Resources */,
				71D8EE3D2C7A67BA00D26968 /* elephant_my.wav in Resources */,
				71D8EE402C7A67BA00D26968 /* cat_my.wav in Resources */,
				71D8EE3C2C7A67BA00D26968 /* elephant_mon.wav in Resources */,
				71D8EE212C793F3700D26968 /* Localizable.strings in Resources */,
				71D8EE312C7A4B2700D26968 /* cat_en.wav in Resources */,
				71D8EDFA2C78DC5B00D26968 /* Assets.xcassets in Resources */,
				71D8EE412C7A67BA00D26968 /* dog_my.wav in Resources */,
				71D8EE3E2C7A67BA00D26968 /* cat_mon.wav in Resources */,
				71D8EE2F2C7A4B2700D26968 /* cow_en.wav in Resources */,
			);
			runOnlyForDeploymentPostprocessing = 0;
		};
		71D8EE002C78DC5B00D26968 /* Resources */ = {
			isa = PBXResourcesBuildPhase;
			buildActionMask = 2147483647;
			files = (
			);
			runOnlyForDeploymentPostprocessing = 0;
		};
		71D8EE0A2C78DC5B00D26968 /* Resources */ = {
			isa = PBXResourcesBuildPhase;
			buildActionMask = 2147483647;
			files = (
			);
			runOnlyForDeploymentPostprocessing = 0;
		};
/* End PBXResourcesBuildPhase section */

/* Begin PBXSourcesBuildPhase section */
		71D8EDEE2C78DC5900D26968 /* Sources */ = {
			isa = PBXSourcesBuildPhase;
			buildActionMask = 2147483647;
			files = (
				71D8EE282C79470300D26968 /* animals_model.swift in Sources */,
				71D8EDF82C78DC5900D26968 /* ContentView.swift in Sources */,
				71D8EE2A2C79483C00D26968 /* animalView_model.swift in Sources */,
				71D8EE332C7A514600D26968 /* AnimalCardView.swift in Sources */,
				71D8EDF62C78DC5900D26968 /* AnimalCardsApp.swift in Sources */,
			);
			runOnlyForDeploymentPostprocessing = 0;
		};
		71D8EDFE2C78DC5B00D26968 /* Sources */ = {
			isa = PBXSourcesBuildPhase;
			buildActionMask = 2147483647;
			files = (
				71D8EE072C78DC5B00D26968 /* AnimalCardsTests.swift in Sources */,
			);
			runOnlyForDeploymentPostprocessing = 0;
		};
		71D8EE082C78DC5B00D26968 /* Sources */ = {
			isa = PBXSourcesBuildPhase;
			buildActionMask = 2147483647;
			files = (
				71D8EE132C78DC5B00D26968 /* AnimalCardsUITestsLaunchTests.swift in Sources */,
				71D8EE112C78DC5B00D26968 /* AnimalCardsUITests.swift in Sources */,
			);
			runOnlyForDeploymentPostprocessing = 0;
		};
/* End PBXSourcesBuildPhase section */

/* Begin PBXTargetDependency section */
		71D8EE042C78DC5B00D26968 /* PBXTargetDependency */ = {
			isa = PBXTargetDependency;
			target = 71D8EDF12C78DC5900D26968 /* AnimalCards */;
			targetProxy = 71D8EE032C78DC5B00D26968 /* PBXContainerItemProxy */;
		};
		71D8EE0E2C78DC5B00D26968 /* PBXTargetDependency */ = {
			isa = PBXTargetDependency;
			target = 71D8EDF12C78DC5900D26968 /* AnimalCards */;
			targetProxy = 71D8EE0D2C78DC5B00D26968 /* PBXContainerItemProxy */;
		};
/* End PBXTargetDependency section */

/* Begin PBXVariantGroup section */
		71D8EE1F2C793F3700D26968 /* Localizable.strings */ = {
			isa = PBXVariantGroup;
			children = (
				71D8EE202C793F3700D26968 /* en */,
				71D8EE242C79462B00D26968 /* ja */,
				71D8EE252C79462C00D26968 /* th */,
				71D8EE342C7A590700D26968 /* my */,
				71D8EE352C7A5D9600D26968 /* my-MM */,
			);
			name = Localizable.strings;
			sourceTree = "<group>";
		};
/* End PBXVariantGroup section */

/* Begin XCBuildConfiguration section */
		71D8EE142C78DC5B00D26968 /* Debug */ = {
			isa = XCBuildConfiguration;
			buildSettings = {
				ALWAYS_SEARCH_USER_PATHS = NO;
				ASSETCATALOG_COMPILER_GENERATE_SWIFT_ASSET_SYMBOL_EXTENSIONS = YES;
				CLANG_ANALYZER_NONNULL = YES;
				CLANG_ANALYZER_NUMBER_OBJECT_CONVERSION = YES_AGGRESSIVE;
				CLANG_CXX_LANGUAGE_STANDARD = "gnu++20";
				CLANG_ENABLE_MODULES = YES;
				CLANG_ENABLE_OBJC_ARC = YES;
				CLANG_ENABLE_OBJC_WEAK = YES;
				CLANG_WARN_BLOCK_CAPTURE_AUTORELEASING = YES;
				CLANG_WARN_BOOL_CONVERSION = YES;
				CLANG_WARN_COMMA = YES;
				CLANG_WARN_CONSTANT_CONVERSION = YES;
				CLANG_WARN_DEPRECATED_OBJC_IMPLEMENTATIONS = YES;
				CLANG_WARN_DIRECT_OBJC_ISA_USAGE = YES_ERROR;
				CLANG_WARN_DOCUMENTATION_COMMENTS = YES;
				CLANG_WARN_EMPTY_BODY = YES;
				CLANG_WARN_ENUM_CONVERSION = YES;
				CLANG_WARN_INFINITE_RECURSION = YES;
				CLANG_WARN_INT_CONVERSION = YES;
				CLANG_WARN_NON_LITERAL_NULL_CONVERSION = YES;
				CLANG_WARN_OBJC_IMPLICIT_RETAIN_SELF = YES;
				CLANG_WARN_OBJC_LITERAL_CONVERSION = YES;
				CLANG_WARN_OBJC_ROOT_CLASS = YES_ERROR;
				CLANG_WARN_QUOTED_INCLUDE_IN_FRAMEWORK_HEADER = YES;
				CLANG_WARN_RANGE_LOOP_ANALYSIS = YES;
				CLANG_WARN_STRICT_PROTOTYPES = YES;
				CLANG_WARN_SUSPICIOUS_MOVE = YES;
				CLANG_WARN_UNGUARDED_AVAILABILITY = YES_AGGRESSIVE;
				CLANG_WARN_UNREACHABLE_CODE = YES;
				CLANG_WARN__DUPLICATE_METHOD_MATCH = YES;
				COPY_PHASE_STRIP = NO;
				DEBUG_INFORMATION_FORMAT = dwarf;
				ENABLE_STRICT_OBJC_MSGSEND = YES;
				ENABLE_TESTABILITY = YES;
				ENABLE_USER_SCRIPT_SANDBOXING = YES;
				GCC_C_LANGUAGE_STANDARD = gnu17;
				GCC_DYNAMIC_NO_PIC = NO;
				GCC_NO_COMMON_BLOCKS = YES;
				GCC_OPTIMIZATION_LEVEL = 0;
				GCC_PREPROCESSOR_DEFINITIONS = (
					"DEBUG=1",
					"$(inherited)",
				);
				GCC_WARN_64_TO_32_BIT_CONVERSION = YES;
				GCC_WARN_ABOUT_RETURN_TYPE = YES_ERROR;
				GCC_WARN_UNDECLARED_SELECTOR = YES;
				GCC_WARN_UNINITIALIZED_AUTOS = YES_AGGRESSIVE;
				GCC_WARN_UNUSED_FUNCTION = YES;
				GCC_WARN_UNUSED_VARIABLE = YES;
				IPHONEOS_DEPLOYMENT_TARGET = 17.5;
				LOCALIZATION_PREFERS_STRING_CATALOGS = YES;
				MTL_ENABLE_DEBUG_INFO = INCLUDE_SOURCE;
				MTL_FAST_MATH = YES;
				ONLY_ACTIVE_ARCH = YES;
				SDKROOT = iphoneos;
				SWIFT_ACTIVE_COMPILATION_CONDITIONS = "DEBUG $(inherited)";
				SWIFT_OPTIMIZATION_LEVEL = "-Onone";
			};
			name = Debug;
		};
		71D8EE152C78DC5B00D26968 /* Release */ = {
			isa = XCBuildConfiguration;
			buildSettings = {
				ALWAYS_SEARCH_USER_PATHS = NO;
				ASSETCATALOG_COMPILER_GENERATE_SWIFT_ASSET_SYMBOL_EXTENSIONS = YES;
				CLANG_ANALYZER_NONNULL = YES;
				CLANG_ANALYZER_NUMBER_OBJECT_CONVERSION = YES_AGGRESSIVE;
				CLANG_CXX_LANGUAGE_STANDARD = "gnu++20";
				CLANG_ENABLE_MODULES = YES;
				CLANG_ENABLE_OBJC_ARC = YES;
				CLANG_ENABLE_OBJC_WEAK = YES;
				CLANG_WARN_BLOCK_CAPTURE_AUTORELEASING = YES;
				CLANG_WARN_BOOL_CONVERSION = YES;
				CLANG_WARN_COMMA = YES;
				CLANG_WARN_CONSTANT_CONVERSION = YES;
				CLANG_WARN_DEPRECATED_OBJC_IMPLEMENTATIONS = YES;
				CLANG_WARN_DIRECT_OBJC_ISA_USAGE = YES_ERROR;
				CLANG_WARN_DOCUMENTATION_COMMENTS = YES;
				CLANG_WARN_EMPTY_BODY = YES;
				CLANG_WARN_ENUM_CONVERSION = YES;
				CLANG_WARN_INFINITE_RECURSION = YES;
				CLANG_WARN_INT_CONVERSION = YES;
				CLANG_WARN_NON_LITERAL_NULL_CONVERSION = YES;
				CLANG_WARN_OBJC_IMPLICIT_RETAIN_SELF = YES;
				CLANG_WARN_OBJC_LITERAL_CONVERSION = YES;
				CLANG_WARN_OBJC_ROOT_CLASS = YES_ERROR;
				CLANG_WARN_QUOTED_INCLUDE_IN_FRAMEWORK_HEADER = YES;
				CLANG_WARN_RANGE_LOOP_ANALYSIS = YES;
				CLANG_WARN_STRICT_PROTOTYPES = YES;
				CLANG_WARN_SUSPICIOUS_MOVE = YES;
				CLANG_WARN_UNGUARDED_AVAILABILITY = YES_AGGRESSIVE;
				CLANG_WARN_UNREACHABLE_CODE = YES;
				CLANG_WARN__DUPLICATE_METHOD_MATCH = YES;
				COPY_PHASE_STRIP = NO;
				DEBUG_INFORMATION_FORMAT = "dwarf-with-dsym";
				ENABLE_NS_ASSERTIONS = NO;
				ENABLE_STRICT_OBJC_MSGSEND = YES;
				ENABLE_USER_SCRIPT_SANDBOXING = YES;
				GCC_C_LANGUAGE_STANDARD = gnu17;
				GCC_NO_COMMON_BLOCKS = YES;
				GCC_WARN_64_TO_32_BIT_CONVERSION = YES;
				GCC_WARN_ABOUT_RETURN_TYPE = YES_ERROR;
				GCC_WARN_UNDECLARED_SELECTOR = YES;
				GCC_WARN_UNINITIALIZED_AUTOS = YES_AGGRESSIVE;
				GCC_WARN_UNUSED_FUNCTION = YES;
				GCC_WARN_UNUSED_VARIABLE = YES;
				IPHONEOS_DEPLOYMENT_TARGET = 17.5;
				LOCALIZATION_PREFERS_STRING_CATALOGS = YES;
				MTL_ENABLE_DEBUG_INFO = NO;
				MTL_FAST_MATH = YES;
				SDKROOT = iphoneos;
				SWIFT_COMPILATION_MODE = wholemodule;
				VALIDATE_PRODUCT = YES;
			};
			name = Release;
		};
		71D8EE172C78DC5B00D26968 /* Debug */ = {
			isa = XCBuildConfiguration;
			buildSettings = {
				ASSETCATALOG_COMPILER_APPICON_NAME = AppIcon;
				ASSETCATALOG_COMPILER_GLOBAL_ACCENT_COLOR_NAME = AccentColor;
				CODE_SIGN_STYLE = Automatic;
				CURRENT_PROJECT_VERSION = 1;
				DEVELOPMENT_ASSET_PATHS = "\"AnimalCards/Preview Content\"";
				DEVELOPMENT_TEAM = 86SZC8RRQ7;
				ENABLE_PREVIEWS = YES;
				GENERATE_INFOPLIST_FILE = YES;
				INFOPLIST_KEY_UIApplicationSceneManifest_Generation = YES;
				INFOPLIST_KEY_UIApplicationSupportsIndirectInputEvents = YES;
				INFOPLIST_KEY_UILaunchScreen_Generation = YES;
				INFOPLIST_KEY_UISupportedInterfaceOrientations_iPad = "UIInterfaceOrientationPortrait UIInterfaceOrientationPortraitUpsideDown UIInterfaceOrientationLandscapeLeft UIInterfaceOrientationLandscapeRight";
				INFOPLIST_KEY_UISupportedInterfaceOrientations_iPhone = "UIInterfaceOrientationPortrait UIInterfaceOrientationLandscapeLeft UIInterfaceOrientationLandscapeRight";
				LD_RUNPATH_SEARCH_PATHS = (
					"$(inherited)",
					"@executable_path/Frameworks",
				);
				MARKETING_VERSION = 1.0;
				PRODUCT_BUNDLE_IDENTIFIER = com.saikchan.AnimalCards;
				PRODUCT_NAME = "$(TARGET_NAME)";
				SWIFT_EMIT_LOC_STRINGS = YES;
				SWIFT_VERSION = 5.0;
				TARGETED_DEVICE_FAMILY = "1,2";
			};
			name = Debug;
		};
		71D8EE182C78DC5B00D26968 /* Release */ = {
			isa = XCBuildConfiguration;
			buildSettings = {
				ASSETCATALOG_COMPILER_APPICON_NAME = AppIcon;
				ASSETCATALOG_COMPILER_GLOBAL_ACCENT_COLOR_NAME = AccentColor;
				CODE_SIGN_STYLE = Automatic;
				CURRENT_PROJECT_VERSION = 1;
				DEVELOPMENT_ASSET_PATHS = "\"AnimalCards/Preview Content\"";
				DEVELOPMENT_TEAM = 86SZC8RRQ7;
				ENABLE_PREVIEWS = YES;
				GENERATE_INFOPLIST_FILE = YES;
				INFOPLIST_KEY_UIApplicationSceneManifest_Generation = YES;
				INFOPLIST_KEY_UIApplicationSupportsIndirectInputEvents = YES;
				INFOPLIST_KEY_UILaunchScreen_Generation = YES;
				INFOPLIST_KEY_UISupportedInterfaceOrientations_iPad = "UIInterfaceOrientationPortrait UIInterfaceOrientationPortraitUpsideDown UIInterfaceOrientationLandscapeLeft UIInterfaceOrientationLandscapeRight";
				INFOPLIST_KEY_UISupportedInterfaceOrientations_iPhone = "UIInterfaceOrientationPortrait UIInterfaceOrientationLandscapeLeft UIInterfaceOrientationLandscapeRight";
				LD_RUNPATH_SEARCH_PATHS = (
					"$(inherited)",
					"@executable_path/Frameworks",
				);
				MARKETING_VERSION = 1.0;
				PRODUCT_BUNDLE_IDENTIFIER = com.saikchan.AnimalCards;
				PRODUCT_NAME = "$(TARGET_NAME)";
				SWIFT_EMIT_LOC_STRINGS = YES;
				SWIFT_VERSION = 5.0;
				TARGETED_DEVICE_FAMILY = "1,2";
			};
			name = Release;
		};
		71D8EE1A2C78DC5B00D26968 /* Debug */ = {
			isa = XCBuildConfiguration;
			buildSettings = {
				ALWAYS_EMBED_SWIFT_STANDARD_LIBRARIES = YES;
				BUNDLE_LOADER = "$(TEST_HOST)";
				CODE_SIGN_STYLE = Automatic;
				CURRENT_PROJECT_VERSION = 1;
				DEVELOPMENT_TEAM = 86SZC8RRQ7;
				GENERATE_INFOPLIST_FILE = YES;
				IPHONEOS_DEPLOYMENT_TARGET = 17.5;
				MARKETING_VERSION = 1.0;
				PRODUCT_BUNDLE_IDENTIFIER = com.saikchan.AnimalCardsTests;
				PRODUCT_NAME = "$(TARGET_NAME)";
				SWIFT_EMIT_LOC_STRINGS = NO;
				SWIFT_VERSION = 5.0;
				TARGETED_DEVICE_FAMILY = "1,2";
				TEST_HOST = "$(BUILT_PRODUCTS_DIR)/AnimalCards.app/$(BUNDLE_EXECUTABLE_FOLDER_PATH)/AnimalCards";
			};
			name = Debug;
		};
		71D8EE1B2C78DC5B00D26968 /* Release */ = {
			isa = XCBuildConfiguration;
			buildSettings = {
				ALWAYS_EMBED_SWIFT_STANDARD_LIBRARIES = YES;
				BUNDLE_LOADER = "$(TEST_HOST)";
				CODE_SIGN_STYLE = Automatic;
				CURRENT_PROJECT_VERSION = 1;
				DEVELOPMENT_TEAM = 86SZC8RRQ7;
				GENERATE_INFOPLIST_FILE = YES;
				IPHONEOS_DEPLOYMENT_TARGET = 17.5;
				MARKETING_VERSION = 1.0;
				PRODUCT_BUNDLE_IDENTIFIER = com.saikchan.AnimalCardsTests;
				PRODUCT_NAME = "$(TARGET_NAME)";
				SWIFT_EMIT_LOC_STRINGS = NO;
				SWIFT_VERSION = 5.0;
				TARGETED_DEVICE_FAMILY = "1,2";
				TEST_HOST = "$(BUILT_PRODUCTS_DIR)/AnimalCards.app/$(BUNDLE_EXECUTABLE_FOLDER_PATH)/AnimalCards";
			};
			name = Release;
		};
		71D8EE1D2C78DC5B00D26968 /* Debug */ = {
			isa = XCBuildConfiguration;
			buildSettings = {
				ALWAYS_EMBED_SWIFT_STANDARD_LIBRARIES = YES;
				CODE_SIGN_STYLE = Automatic;
				CURRENT_PROJECT_VERSION = 1;
				DEVELOPMENT_TEAM = 86SZC8RRQ7;
				GENERATE_INFOPLIST_FILE = YES;
				MARKETING_VERSION = 1.0;
				PRODUCT_BUNDLE_IDENTIFIER = com.saikchan.AnimalCardsUITests;
				PRODUCT_NAME = "$(TARGET_NAME)";
				SWIFT_EMIT_LOC_STRINGS = NO;
				SWIFT_VERSION = 5.0;
				TARGETED_DEVICE_FAMILY = "1,2";
				TEST_TARGET_NAME = AnimalCards;
			};
			name = Debug;
		};
		71D8EE1E2C78DC5B00D26968 /* Release */ = {
			isa = XCBuildConfiguration;
			buildSettings = {
				ALWAYS_EMBED_SWIFT_STANDARD_LIBRARIES = YES;
				CODE_SIGN_STYLE = Automatic;
				CURRENT_PROJECT_VERSION = 1;
				DEVELOPMENT_TEAM = 86SZC8RRQ7;
				GENERATE_INFOPLIST_FILE = YES;
				MARKETING_VERSION = 1.0;
				PRODUCT_BUNDLE_IDENTIFIER = com.saikchan.AnimalCardsUITests;
				PRODUCT_NAME = "$(TARGET_NAME)";
				SWIFT_EMIT_LOC_STRINGS = NO;
				SWIFT_VERSION = 5.0;
				TARGETED_DEVICE_FAMILY = "1,2";
				TEST_TARGET_NAME = AnimalCards;
			};
			name = Release;
		};
/* End XCBuildConfiguration section */

/* Begin XCConfigurationList section */
		71D8EDED2C78DC5900D26968 /* Build configuration list for PBXProject "AnimalCards" */ = {
			isa = XCConfigurationList;
			buildConfigurations = (
				71D8EE142C78DC5B00D26968 /* Debug */,
				71D8EE152C78DC5B00D26968 /* Release */,
			);
			defaultConfigurationIsVisible = 0;
			defaultConfigurationName = Release;
		};
		71D8EE162C78DC5B00D26968 /* Build configuration list for PBXNativeTarget "AnimalCards" */ = {
			isa = XCConfigurationList;
			buildConfigurations = (
				71D8EE172C78DC5B00D26968 /* Debug */,
				71D8EE182C78DC5B00D26968 /* Release */,
			);
			defaultConfigurationIsVisible = 0;
			defaultConfigurationName = Release;
		};
		71D8EE192C78DC5B00D26968 /* Build configuration list for PBXNativeTarget "AnimalCardsTests" */ = {
			isa = XCConfigurationList;
			buildConfigurations = (
				71D8EE1A2C78DC5B00D26968 /* Debug */,
				71D8EE1B2C78DC5B00D26968 /* Release */,
			);
			defaultConfigurationIsVisible = 0;
			defaultConfigurationName = Release;
		};
		71D8EE1C2C78DC5B00D26968 /* Build configuration list for PBXNativeTarget "AnimalCardsUITests" */ = {
			isa = XCConfigurationList;
			buildConfigurations = (
				71D8EE1D2C78DC5B00D26968 /* Debug */,
				71D8EE1E2C78DC5B00D26968 /* Release */,
			);
			defaultConfigurationIsVisible = 0;
			defaultConfigurationName = Release;
		};
/* End XCConfigurationList section */
	};
	rootObject = 71D8EDEA2C78DC5900D26968 /* Project object */;
}
